
Microsoft Visual Studio Solution File, Format Version 12.00
# Visual Studio Version 17
VisualStudioVersion = 17.5.33627.172
MinimumVisualStudioVersion = 10.0.40219.1
Project("{FAE04EC0-301F-11D3-BF4B-00C04F79EFBC}") = "Homework_Lists", "Homework_Lists\Homework_Lists.csproj", "{B3E8CFE2-2E4F-48DC-B9CD-0594665FA6E8}"
EndProject
Global
	GlobalSection(SolutionConfigurationPlatforms) = preSolution
		Debug|Any CPU = Debug|Any CPU
		Release|Any CPU = Release|Any CPU
	EndGlobalSection
	GlobalSection(ProjectConfigurationPlatforms) = postSolution
		{B3E8CFE2-2E4F-48DC-B9CD-0594665FA6E8}.Debug|Any CPU.ActiveCfg = Debug|Any CPU
		{B3E8CFE2-2E4F-48DC-B9CD-0594665FA6E8}.Debug|Any CPU.Build.0 = Debug|Any CPU
		{B3E8CFE2-2E4F-48DC-B9CD-0594665FA6E8}.Release|Any CPU.ActiveCfg = Release|Any CPU
		{B3E8CFE2-2E4F-48DC-B9CD-0594665FA6E8}.Release|Any CPU.Build.0 = Release|Any CPU
	EndGlobalSection
	GlobalSection(SolutionProperties) = preSolution
		HideSolutionNode = FALSE
	EndGlobalSection
	GlobalSection(ExtensibilityGlobals) = postSolution
		SolutionGuid = {B56CE1B0-9F36-431D-ACF3-ACED2591D650}
	EndGlobalSection
EndGlobal
